
Microsoft Visual Studio Solution File, Format Version 12.00
# Visual Studio Version 16
VisualStudioVersion = 16.0.28902.138
MinimumVisualStudioVersion = 10.0.40219.1
Project("{2150E333-8FDC-42A3-9474-1A3956D46DE8}") = "MiBandMaster", "MiBandMaster", "{6E4CF4DA-59BB-44BD-8190-0CF62F31AD83}"
EndProject
Project("{2150E333-8FDC-42A3-9474-1A3956D46DE8}") = "MiFit", "MiFit", "{52C42956-2B87-474A-9FC7-97929D4F6502}"
EndProject
Project("{9A19103F-16F7-4668-BE54-9A1E7A4F7556}") = "Data", "src\Data\Data.csproj", "{5F550DAC-0E61-4A78-BFCC-239EA551939A}"
EndProject
Project("{9A19103F-16F7-4668-BE54-9A1E7A4F7556}") = "Data.EFCore", "src\Data.EFCore\Data.EFCore.csproj", "{123B5DCF-BEF1-4063-A3AE-5252F31FC3FE}"
EndProject
Project("{2150E333-8FDC-42A3-9474-1A3956D46DE8}") = "Tests", "Tests", "{F5A42207-5511-4FC5-9CF3-26F4314FFB84}"
EndProject
Project("{9A19103F-16F7-4668-BE54-9A1E7A4F7556}") = "WebApi", "src\WebApi\WebApi.csproj", "{C1D092A7-B15C-4B72-A6BA-7CFAFE2EFCAD}"
EndProject
Project("{9A19103F-16F7-4668-BE54-9A1E7A4F7556}") = "MiFit.Services", "src\MiFit.Services\MiFit.Services.csproj", "{6912F1AD-6A56-4991-AF92-4340D821266D}"
EndProject
Project("{9A19103F-16F7-4668-BE54-9A1E7A4F7556}") = "Data.Services", "src\Data.Services\Data.Services.csproj", "{E87DBD7D-EB48-478D-991F-E8D35FB9EBD1}"
EndProject
Project("{9A19103F-16F7-4668-BE54-9A1E7A4F7556}") = "MiBandMaster.Services", "src\MiBandMaster.Services\MiBandMaster.Services.csproj", "{2C8ABEF9-3DD2-4005-A13F-B49351AB077B}"
EndProject
Project("{9A19103F-16F7-4668-BE54-9A1E7A4F7556}") = "MiBandMaster.Data", "src\MiBandMaster.Data\MiBandMaster.Data.csproj", "{DE952CC2-9EA8-47E5-9345-FBC18D73FA01}"
EndProject
Project("{9A19103F-16F7-4668-BE54-9A1E7A4F7556}") = "MiFit.Data", "src\MiFit.Data\MiFit.Data.csproj", "{741DD4F6-B70B-4C54-B849-B8C009A53DCC}"
EndProject
Project("{9A19103F-16F7-4668-BE54-9A1E7A4F7556}") = "Data.EFCore.Tests", "tests\Data.EFCore.Tests\Data.EFCore.Tests.csproj", "{607B1369-4374-4A60-A950-6D9214F927C9}"
EndProject
Project("{9A19103F-16F7-4668-BE54-9A1E7A4F7556}") = "MiBandMaster.Import", "src\MiBandMaster.Import\MiBandMaster.Import.csproj", "{5E01B674-DF58-4304-943C-8AAD4E94E01D}"
EndProject
Project("{9A19103F-16F7-4668-BE54-9A1E7A4F7556}") = "MiFit.Import", "src\MiFit.Import\MiFit.Import.csproj", "{13ACC118-D96C-4EB2-BA1B-8EBC8A6A6C17}"
EndProject
Project("{FAE04EC0-301F-11D3-BF4B-00C04F79EFBC}") = "MiBandMaster.Data.EFCore", "src\MiBandMaster.Data.EFCore\MiBandMaster.Data.EFCore.csproj", "{8CEC372C-A0B8-4A01-B59E-A98FA44D977A}"
EndProject
Project("{FAE04EC0-301F-11D3-BF4B-00C04F79EFBC}") = "MiFit.Data.Csv", "src\MiFit.Data.Csv\MiFit.Data.Csv.csproj", "{8FAC8BE8-4C03-47DA-BD79-C8C78BBD0C9C}"
EndProject
Global
	GlobalSection(SolutionConfigurationPlatforms) = preSolution
		Debug|Any CPU = Debug|Any CPU
		Release|Any CPU = Release|Any CPU
	EndGlobalSection
	GlobalSection(ProjectConfigurationPlatforms) = postSolution
		{5F550DAC-0E61-4A78-BFCC-239EA551939A}.Debug|Any CPU.ActiveCfg = Debug|Any CPU
		{5F550DAC-0E61-4A78-BFCC-239EA551939A}.Debug|Any CPU.Build.0 = Debug|Any CPU
		{5F550DAC-0E61-4A78-BFCC-239EA551939A}.Release|Any CPU.ActiveCfg = Release|Any CPU
		{5F550DAC-0E61-4A78-BFCC-239EA551939A}.Release|Any CPU.Build.0 = Release|Any CPU
		{123B5DCF-BEF1-4063-A3AE-5252F31FC3FE}.Debug|Any CPU.ActiveCfg = Debug|Any CPU
		{123B5DCF-BEF1-4063-A3AE-5252F31FC3FE}.Debug|Any CPU.Build.0 = Debug|Any CPU
		{123B5DCF-BEF1-4063-A3AE-5252F31FC3FE}.Release|Any CPU.ActiveCfg = Release|Any CPU
		{123B5DCF-BEF1-4063-A3AE-5252F31FC3FE}.Release|Any CPU.Build.0 = Release|Any CPU
		{C1D092A7-B15C-4B72-A6BA-7CFAFE2EFCAD}.Debug|Any CPU.ActiveCfg = Debug|Any CPU
		{C1D092A7-B15C-4B72-A6BA-7CFAFE2EFCAD}.Debug|Any CPU.Build.0 = Debug|Any CPU
		{C1D092A7-B15C-4B72-A6BA-7CFAFE2EFCAD}.Release|Any CPU.ActiveCfg = Release|Any CPU
		{C1D092A7-B15C-4B72-A6BA-7CFAFE2EFCAD}.Release|Any CPU.Build.0 = Release|Any CPU
		{6912F1AD-6A56-4991-AF92-4340D821266D}.Debug|Any CPU.ActiveCfg = Debug|Any CPU
		{6912F1AD-6A56-4991-AF92-4340D821266D}.Debug|Any CPU.Build.0 = Debug|Any CPU
		{6912F1AD-6A56-4991-AF92-4340D821266D}.Release|Any CPU.ActiveCfg = Release|Any CPU
		{6912F1AD-6A56-4991-AF92-4340D821266D}.Release|Any CPU.Build.0 = Release|Any CPU
		{E87DBD7D-EB48-478D-991F-E8D35FB9EBD1}.Debug|Any CPU.ActiveCfg = Debug|Any CPU
		{E87DBD7D-EB48-478D-991F-E8D35FB9EBD1}.Debug|Any CPU.Build.0 = Debug|Any CPU
		{E87DBD7D-EB48-478D-991F-E8D35FB9EBD1}.Release|Any CPU.ActiveCfg = Release|Any CPU
		{E87DBD7D-EB48-478D-991F-E8D35FB9EBD1}.Release|Any CPU.Build.0 = Release|Any CPU
		{2C8ABEF9-3DD2-4005-A13F-B49351AB077B}.Debug|Any CPU.ActiveCfg = Debug|Any CPU
		{2C8ABEF9-3DD2-4005-A13F-B49351AB077B}.Debug|Any CPU.Build.0 = Debug|Any CPU
		{2C8ABEF9-3DD2-4005-A13F-B49351AB077B}.Release|Any CPU.ActiveCfg = Release|Any CPU
		{2C8ABEF9-3DD2-4005-A13F-B49351AB077B}.Release|Any CPU.Build.0 = Release|Any CPU
		{DE952CC2-9EA8-47E5-9345-FBC18D73FA01}.Debug|Any CPU.ActiveCfg = Debug|Any CPU
		{DE952CC2-9EA8-47E5-9345-FBC18D73FA01}.Debug|Any CPU.Build.0 = Debug|Any CPU
		{DE952CC2-9EA8-47E5-9345-FBC18D73FA01}.Release|Any CPU.ActiveCfg = Release|Any CPU
		{DE952CC2-9EA8-47E5-9345-FBC18D73FA01}.Release|Any CPU.Build.0 = Release|Any CPU
		{741DD4F6-B70B-4C54-B849-B8C009A53DCC}.Debug|Any CPU.ActiveCfg = Debug|Any CPU
		{741DD4F6-B70B-4C54-B849-B8C009A53DCC}.Debug|Any CPU.Build.0 = Debug|Any CPU
		{741DD4F6-B70B-4C54-B849-B8C009A53DCC}.Release|Any CPU.ActiveCfg = Release|Any CPU
		{741DD4F6-B70B-4C54-B849-B8C009A53DCC}.Release|Any CPU.Build.0 = Release|Any CPU
		{607B1369-4374-4A60-A950-6D9214F927C9}.Debug|Any CPU.ActiveCfg = Debug|Any CPU
		{607B1369-4374-4A60-A950-6D9214F927C9}.Debug|Any CPU.Build.0 = Debug|Any CPU
		{607B1369-4374-4A60-A950-6D9214F927C9}.Release|Any CPU.ActiveCfg = Release|Any CPU
		{607B1369-4374-4A60-A950-6D9214F927C9}.Release|Any CPU.Build.0 = Release|Any CPU
		{5E01B674-DF58-4304-943C-8AAD4E94E01D}.Debug|Any CPU.ActiveCfg = Debug|Any CPU
		{5E01B674-DF58-4304-943C-8AAD4E94E01D}.Debug|Any CPU.Build.0 = Debug|Any CPU
		{5E01B674-DF58-4304-943C-8AAD4E94E01D}.Release|Any CPU.ActiveCfg = Release|Any CPU
		{5E01B674-DF58-4304-943C-8AAD4E94E01D}.Release|Any CPU.Build.0 = Release|Any CPU
		{13ACC118-D96C-4EB2-BA1B-8EBC8A6A6C17}.Debug|Any CPU.ActiveCfg = Debug|Any CPU
		{13ACC118-D96C-4EB2-BA1B-8EBC8A6A6C17}.Debug|Any CPU.Build.0 = Debug|Any CPU
		{13ACC118-D96C-4EB2-BA1B-8EBC8A6A6C17}.Release|Any CPU.ActiveCfg = Release|Any CPU
		{13ACC118-D96C-4EB2-BA1B-8EBC8A6A6C17}.Release|Any CPU.Build.0 = Release|Any CPU
		{8CEC372C-A0B8-4A01-B59E-A98FA44D977A}.Debug|Any CPU.ActiveCfg = Debug|Any CPU
		{8CEC372C-A0B8-4A01-B59E-A98FA44D977A}.Debug|Any CPU.Build.0 = Debug|Any CPU
		{8CEC372C-A0B8-4A01-B59E-A98FA44D977A}.Release|Any CPU.ActiveCfg = Release|Any CPU
		{8CEC372C-A0B8-4A01-B59E-A98FA44D977A}.Release|Any CPU.Build.0 = Release|Any CPU
		{8FAC8BE8-4C03-47DA-BD79-C8C78BBD0C9C}.Debug|Any CPU.ActiveCfg = Debug|Any CPU
		{8FAC8BE8-4C03-47DA-BD79-C8C78BBD0C9C}.Debug|Any CPU.Build.0 = Debug|Any CPU
		{8FAC8BE8-4C03-47DA-BD79-C8C78BBD0C9C}.Release|Any CPU.ActiveCfg = Release|Any CPU
		{8FAC8BE8-4C03-47DA-BD79-C8C78BBD0C9C}.Release|Any CPU.Build.0 = Release|Any CPU
	EndGlobalSection
	GlobalSection(SolutionProperties) = preSolution
		HideSolutionNode = FALSE
	EndGlobalSection
	GlobalSection(NestedProjects) = preSolution
		{6912F1AD-6A56-4991-AF92-4340D821266D} = {52C42956-2B87-474A-9FC7-97929D4F6502}
		{2C8ABEF9-3DD2-4005-A13F-B49351AB077B} = {6E4CF4DA-59BB-44BD-8190-0CF62F31AD83}
		{DE952CC2-9EA8-47E5-9345-FBC18D73FA01} = {6E4CF4DA-59BB-44BD-8190-0CF62F31AD83}
		{741DD4F6-B70B-4C54-B849-B8C009A53DCC} = {52C42956-2B87-474A-9FC7-97929D4F6502}
		{607B1369-4374-4A60-A950-6D9214F927C9} = {F5A42207-5511-4FC5-9CF3-26F4314FFB84}
		{5E01B674-DF58-4304-943C-8AAD4E94E01D} = {6E4CF4DA-59BB-44BD-8190-0CF62F31AD83}
		{13ACC118-D96C-4EB2-BA1B-8EBC8A6A6C17} = {52C42956-2B87-474A-9FC7-97929D4F6502}
		{8CEC372C-A0B8-4A01-B59E-A98FA44D977A} = {6E4CF4DA-59BB-44BD-8190-0CF62F31AD83}
		{8FAC8BE8-4C03-47DA-BD79-C8C78BBD0C9C} = {52C42956-2B87-474A-9FC7-97929D4F6502}
	EndGlobalSection
	GlobalSection(ExtensibilityGlobals) = postSolution
		SolutionGuid = {6581648F-6702-4A4F-921D-248192B7DC38}
	EndGlobalSection
EndGlobal
